
Microsoft Visual Studio Solution File, Format Version 12.00
# Visual Studio Version 16
VisualStudioVersion = 16.0.29102.190
MinimumVisualStudioVersion = 10.0.40219.1
Project("{FAE04EC0-301F-11D3-BF4B-00C04F79EFBC}") = "Ping監控IP_background", "Ping監控IP_background\Ping監控IP_background.csproj", "{89BD2173-FBEE-47F5-B998-24429978E440}"
EndProject
Global
	GlobalSection(SolutionConfigurationPlatforms) = preSolution
		Debug|Any CPU = Debug|Any CPU
		Release|Any CPU = Release|Any CPU
	EndGlobalSection
	GlobalSection(ProjectConfigurationPlatforms) = postSolution
		{89BD2173-FBEE-47F5-B998-24429978E440}.Debug|Any CPU.ActiveCfg = Debug|Any CPU
		{89BD2173-FBEE-47F5-B998-24429978E440}.Debug|Any CPU.Build.0 = Debug|Any CPU
		{89BD2173-FBEE-47F5-B998-24429978E440}.Release|Any CPU.ActiveCfg = Release|Any CPU
		{89BD2173-FBEE-47F5-B998-24429978E440}.Release|Any CPU.Build.0 = Release|Any CPU
	EndGlobalSection
	GlobalSection(SolutionProperties) = preSolution
		HideSolutionNode = FALSE
	EndGlobalSection
	GlobalSection(ExtensibilityGlobals) = postSolution
		SolutionGuid = {E93E0F7F-C01C-4649-91C1-64CE9634C546}
	EndGlobalSection
EndGlobal
